// !$*UTF8*$!
{
	archiveVersion = 1;
	classes = {
	};
	objectVersion = 48;
	objects = {

/* Begin PBXBuildFile section */
		402686A61F0104D200A0893D /* AppDelegate.swift in Sources */ = {isa = PBXBuildFile; fileRef = 402686A51F0104D200A0893D /* AppDelegate.swift */; };
		402686A81F0104D200A0893D /* ViewController.swift in Sources */ = {isa = PBXBuildFile; fileRef = 402686A71F0104D200A0893D /* ViewController.swift */; };
		402686AB1F0104D200A0893D /* Main.storyboard in Resources */ = {isa = PBXBuildFile; fileRef = 402686A91F0104D200A0893D /* Main.storyboard */; };
		402686AD1F0104D200A0893D /* Assets.xcassets in Resources */ = {isa = PBXBuildFile; fileRef = 402686AC1F0104D200A0893D /* Assets.xcassets */; };
		402686B01F0104D200A0893D /* LaunchScreen.storyboard in Resources */ = {isa = PBXBuildFile; fileRef = 402686AE1F0104D200A0893D /* LaunchScreen.storyboard */; };
/* End PBXBuildFile section */

/* Begin PBXFileReference section */
		402686A21F0104D200A0893D /* Alert and Spinners.app */ = {isa = PBXFileReference; explicitFileType = wrapper.application; includeInIndex = 0; path = "Alert and Spinners.app"; sourceTree = BUILT_PRODUCTS_DIR; };
		402686A51F0104D200A0893D /* AppDelegate.swift */ = {isa = PBXFileReference; lastKnownFileType = sourcecode.swift; path = AppDelegate.swift; sourceTree = "<group>"; };
		402686A71F0104D200A0893D /* ViewController.swift */ = {isa = PBXFileReference; lastKnownFileType = sourcecode.swift; path = ViewController.swift; sourceTree = "<group>"; };
		402686AA1F0104D200A0893D /* Base */ = {isa = PBXFileReference; lastKnownFileType = file.storyboard; name = Base; path = Base.lproj/Main.storyboard; sourceTree = "<group>"; };
		402686AC1F0104D200A0893D /* Assets.xcassets */ = {isa = PBXFileReference; lastKnownFileType = folder.assetcatalog; path = Assets.xcassets; sourceTree = "<group>"; };
		402686AF1F0104D200A0893D /* Base */ = {isa = PBXFileReference; lastKnownFileType = file.storyboard; name = Base; path = Base.lproj/LaunchScreen.storyboard; sourceTree = "<group>"; };
		402686B11F0104D200A0893D /* Info.plist */ = {isa = PBXFileReference; lastKnownFileType = text.plist.xml; path = Info.plist; sourceTree = "<group>"; };
/* End PBXFileReference section */

/* Begin PBXFrameworksBuildPhase section */
		4026869F1F0104D200A0893D /* Frameworks */ = {
			isa = PBXFrameworksBuildPhase;
			buildActionMask = 2147483647;
			files = (
			);
			runOnlyForDeploymentPostprocessing = 0;
		};
/* End PBXFrameworksBuildPhase section */

/* Begin PBXGroup section */
		402686991F0104D200A0893D = {
			isa = PBXGroup;
			children = (
				402686A41F0104D200A0893D /* Alert and Spinners */,
				402686A31F0104D200A0893D /* Products */,
			);
			sourceTree = "<group>";
		};
		402686A31F0104D200A0893D /* Products */ = {
			isa = PBXGroup;
			children = (
				402686A21F0104D200A0893D /* Alert and Spinners.app */,
			);
			name = Products;
			sourceTree = "<group>";
		};
		402686A41F0104D200A0893D /* Alert and Spinners */ = {
			isa = PBXGroup;
			children = (
				402686A51F0104D200A0893D /* AppDelegate.swift */,
				402686A71F0104D200A0893D /* ViewController.swift */,
				402686A91F0104D200A0893D /* Main.storyboard */,
				402686AC1F0104D200A0893D /* Assets.xcassets */,
				402686AE1F0104D200A0893D /* LaunchScreen.storyboard */,
				402686B11F0104D200A0893D /* Info.plist */,
			);
			path = "Alert and Spinners";
			sourceTree = "<group>";
		};
/* End PBXGroup section */

/* Begin PBXNativeTarget section */
		402686A11F0104D200A0893D /* Alert and Spinners */ = {
			isa = PBXNativeTarget;
			buildConfigurationList = 402686B41F0104D200A0893D /* Build configuration list for PBXNativeTarget "Alert and Spinners" */;
			buildPhases = (
				4026869E1F0104D200A0893D /* Sources */,
				4026869F1F0104D200A0893D /* Frameworks */,
				402686A01F0104D200A0893D /* Resources */,
			);
			buildRules = (
			);
			dependencies = (
			);
			name = "Alert and Spinners";
			productName = "Alert and Spinners";
			productReference = 402686A21F0104D200A0893D /* Alert and Spinners.app */;
			productType = "com.apple.product-type.application";
		};
/* End PBXNativeTarget section */

/* Begin PBXProject section */
		4026869A1F0104D200A0893D /* Project object */ = {
			isa = PBXProject;
			attributes = {
				LastSwiftUpdateCheck = 0900;
				LastUpgradeCheck = 0900;
				ORGANIZATIONNAME = "Shivam Bharadwaj";
				TargetAttributes = {
					402686A11F0104D200A0893D = {
						CreatedOnToolsVersion = 9.0;
					};
				};
			};
			buildConfigurationList = 4026869D1F0104D200A0893D /* Build configuration list for PBXProject "Alert and Spinners" */;
			compatibilityVersion = "Xcode 8.0";
			developmentRegion = en;
			hasScannedForEncodings = 0;
			knownRegions = (
				en,
				Base,
			);
			mainGroup = 402686991F0104D200A0893D;
			productRefGroup = 402686A31F0104D200A0893D /* Products */;
			projectDirPath = "";
			projectRoot = "";
			targets = (
				402686A11F0104D200A0893D /* Alert and Spinners */,
			);
		};
/* End PBXProject section */

/* Begin PBXResourcesBuildPhase section */
		402686A01F0104D200A0893D /* Resources */ = {
			isa = PBXResourcesBuildPhase;
			buildActionMask = 2147483647;
			files = (
				402686B01F0104D200A0893D /* LaunchScreen.storyboard in Resources */,
				402686AD1F0104D200A0893D /* Assets.xcassets in Resources */,
				402686AB1F0104D200A0893D /* Main.storyboard in Resources */,
			);
			runOnlyForDeploymentPostprocessing = 0;
		};
/* End PBXResourcesBuildPhase section */

/* Begin PBXSourcesBuildPhase section */
		4026869E1F0104D200A0893D /* Sources */ = {
			isa = PBXSourcesBuildPhase;
			buildActionMask = 2147483647;
			files = (
				402686A81F0104D200A0893D /* ViewController.swift in Sources */,
				402686A61F0104D200A0893D /* AppDelegate.swift in Sources */,
			);
			runOnlyForDeploymentPostprocessing = 0;
		};
/* End PBXSourcesBuildPhase section */

/* Begin PBXVariantGroup section */
		402686A91F0104D200A0893D /* Main.storyboard */ = {
			isa = PBXVariantGroup;
			children = (
				402686AA1F0104D200A0893D /* Base */,
			);
			name = Main.storyboard;
			sourceTree = "<group>";
		};
		402686AE1F0104D200A0893D /* LaunchScreen.storyboard */ = {
			isa = PBXVariantGroup;
			children = (
				402686AF1F0104D200A0893D /* Base */,
			);
			name = LaunchScreen.storyboard;
			sourceTree = "<group>";
		};
/* End PBXVariantGroup section */

/* Begin XCBuildConfiguration section */
		402686B21F0104D200A0893D /* Debug */ = {
			isa = XCBuildConfiguration;
			buildSettings = {
				ALWAYS_SEARCH_USER_PATHS = NO;
				CLANG_ANALYZER_NONNULL = YES;
				CLANG_ANALYZER_NUMBER_OBJECT_CONVERSION = YES_AGGRESSIVE;
				CLANG_CXX_LANGUAGE_STANDARD = "gnu++14";
				CLANG_CXX_LIBRARY = "libc++";
				CLANG_ENABLE_MODULES = YES;
				CLANG_ENABLE_OBJC_ARC = YES;
				CLANG_WARN_BLOCK_CAPTURE_AUTORELEASING = YES;
				CLANG_WARN_BOOL_CONVERSION = YES;
				CLANG_WARN_COMMA = YES;
				CLANG_WARN_CONSTANT_CONVERSION = YES;
				CLANG_WARN_DIRECT_OBJC_ISA_USAGE = YES_ERROR;
				CLANG_WARN_DOCUMENTATION_COMMENTS = YES;
				CLANG_WARN_EMPTY_BODY = YES;
				CLANG_WARN_ENUM_CONVERSION = YES;
				CLANG_WARN_INFINITE_RECURSION = YES;
				CLANG_WARN_INT_CONVERSION = YES;
				CLANG_WARN_OBJC_ROOT_CLASS = YES_ERROR;
				CLANG_WARN_RANGE_LOOP_ANALYSIS = YES;
				CLANG_WARN_STRICT_PROTOTYPES = YES;
				CLANG_WARN_SUSPICIOUS_MOVE = YES;
				CLANG_WARN_UNGUARDED_AVAILABILITY = YES_AGGRESSIVE;
				CLANG_WARN_UNREACHABLE_CODE = YES;
				CLANG_WARN__DUPLICATE_METHOD_MATCH = YES;
				CODE_SIGN_IDENTITY = "iPhone Developer";
				COPY_PHASE_STRIP = NO;
				DEBUG_INFORMATION_FORMAT = dwarf;
				ENABLE_STRICT_OBJC_MSGSEND = YES;
				ENABLE_TESTABILITY = YES;
				GCC_C_LANGUAGE_STANDARD = gnu11;
				GCC_DYNAMIC_NO_PIC = NO;
				GCC_NO_COMMON_BLOCKS = YES;
				GCC_OPTIMIZATION_LEVEL = 0;
				GCC_PREPROCESSOR_DEFINITIONS = (
					"DEBUG=1",
					"$(inherited)",
				);
				GCC_WARN_64_TO_32_BIT_CONVERSION = YES;
				GCC_WARN_ABOUT_RETURN_TYPE = YES_ERROR;
				GCC_WARN_UNDECLARED_SELECTOR = YES;
				GCC_WARN_UNINITIALIZED_AUTOS = YES_AGGRESSIVE;
				GCC_WARN_UNUSED_FUNCTION = YES;
				GCC_WARN_UNUSED_VARIABLE = YES;
				IPHONEOS_DEPLOYMENT_TARGET = 11.0;
				MTL_ENABLE_DEBUG_INFO = YES;
				ONLY_ACTIVE_ARCH = YES;
				SDKROOT = iphoneos;
				SWIFT_ACTIVE_COMPILATION_CONDITIONS = DEBUG;
				SWIFT_OPTIMIZATION_LEVEL = "-Onone";
			};
			name = Debug;
		};
		402686B31F0104D200A0893D /* Release */ = {
			isa = XCBuildConfiguration;
			buildSettings = {
				ALWAYS_SEARCH_USER_PATHS = NO;
				CLANG_ANALYZER_NONNULL = YES;
				CLANG_ANALYZER_NUMBER_OBJECT_CONVERSION = YES_AGGRESSIVE;
				CLANG_CXX_LANGUAGE_STANDARD = "gnu++14";
				CLANG_CXX_LIBRARY = "libc++";
				CLANG_ENABLE_MODULES = YES;
				CLANG_ENABLE_OBJC_ARC = YES;
				CLANG_WARN_BLOCK_CAPTURE_AUTORELEASING = YES;
				CLANG_WARN_BOOL_CONVERSION = YES;
				CLANG_WARN_COMMA = YES;
				CLANG_WARN_CONSTANT_CONVERSION = YES;
				CLANG_WARN_DIRECT_OBJC_ISA_USAGE = YES_ERROR;
				CLANG_WARN_DOCUMENTATION_COMMENTS = YES;
				CLANG_WARN_EMPTY_BODY = YES;
				CLANG_WARN_ENUM_CONVERSION = YES;
				CLANG_WARN_INFINITE_RECURSION = YES;
				CLANG_WARN_INT_CONVERSION = YES;
				CLANG_WARN_OBJC_ROOT_CLASS = YES_ERROR;
				CLANG_WARN_RANGE_LOOP_ANALYSIS = YES;
				CLANG_WARN_STRICT_PROTOTYPES = YES;
				CLANG_WARN_SUSPICIOUS_MOVE = YES;
				CLANG_WARN_UNGUARDED_AVAILABILITY = YES_AGGRESSIVE;
				CLANG_WARN_UNREACHABLE_CODE = YES;
				CLANG_WARN__DUPLICATE_METHOD_MATCH = YES;
				CODE_SIGN_IDENTITY = "iPhone Developer";
				COPY_PHASE_STRIP = NO;
				DEBUG_INFORMATION_FORMAT = "dwarf-with-dsym";
				ENABLE_NS_ASSERTIONS = NO;
				ENABLE_STRICT_OBJC_MSGSEND = YES;
				GCC_C_LANGUAGE_STANDARD = gnu11;
				GCC_NO_COMMON_BLOCKS = YES;
				GCC_WARN_64_TO_32_BIT_CONVERSION = YES;
				GCC_WARN_ABOUT_RETURN_TYPE = YES_ERROR;
				GCC_WARN_UNDECLARED_SELECTOR = YES;
				GCC_WARN_UNINITIALIZED_AUTOS = YES_AGGRESSIVE;
				GCC_WARN_UNUSED_FUNCTION = YES;
				GCC_WARN_UNUSED_VARIABLE = YES;
				IPHONEOS_DEPLOYMENT_TARGET = 11.0;
				MTL_ENABLE_DEBUG_INFO = NO;
				SDKROOT = iphoneos;
				SWIFT_OPTIMIZATION_LEVEL = "-Owholemodule";
				VALIDATE_PRODUCT = YES;
			};
			name = Release;
		};
		402686B51F0104D200A0893D /* Debug */ = {
			isa = XCBuildConfiguration;
			buildSettings = {
				ASSETCATALOG_COMPILER_APPICON_NAME = AppIcon;
				INFOPLIST_FILE = "Alert and Spinners/Info.plist";
				LD_RUNPATH_SEARCH_PATHS = "$(inherited) @executable_path/Frameworks";
				PRODUCT_BUNDLE_IDENTIFIER = "com.shivambharadwaj.Alert-and-Spinners";
				PRODUCT_NAME = "$(TARGET_NAME)";
				SWIFT_VERSION = 4.0;
				TARGETED_DEVICE_FAMILY = "1,2";
			};
			name = Debug;
		};
		402686B61F0104D200A0893D /* Release */ = {
			isa = XCBuildConfiguration;
			buildSettings = {
				ASSETCATALOG_COMPILER_APPICON_NAME = AppIcon;
				INFOPLIST_FILE = "Alert and Spinners/Info.plist";
				LD_RUNPATH_SEARCH_PATHS = "$(inherited) @executable_path/Frameworks";
				PRODUCT_BUNDLE_IDENTIFIER = "com.shivambharadwaj.Alert-and-Spinners";
				PRODUCT_NAME = "$(TARGET_NAME)";
				SWIFT_VERSION = 4.0;
				TARGETED_DEVICE_FAMILY = "1,2";
			};
			name = Release;
		};
/* End XCBuildConfiguration section */

/* Begin XCConfigurationList section */
		4026869D1F0104D200A0893D /* Build configuration list for PBXProject "Alert and Spinners" */ = {
			isa = XCConfigurationList;
			buildConfigurations = (
				402686B21F0104D200A0893D /* Debug */,
				402686B31F0104D200A0893D /* Release */,
			);
			defaultConfigurationIsVisible = 0;
			defaultConfigurationName = Release;
		};
		402686B41F0104D200A0893D /* Build configuration list for PBXNativeTarget "Alert and Spinners" */ = {
			isa = XCConfigurationList;
			buildConfigurations = (
				402686B51F0104D200A0893D /* Debug */,
				402686B61F0104D200A0893D /* Release */,
			);
			defaultConfigurationIsVisible = 0;
		};
/* End XCConfigurationList section */
	};
	rootObject = 4026869A1F0104D200A0893D /* Project object */;
}
